
Microsoft Visual Studio Solution File, Format Version 12.00
# Visual Studio Version 17
VisualStudioVersion = 17.6.33829.357
MinimumVisualStudioVersion = 10.0.40219.1
Project("{FAE04EC0-301F-11D3-BF4B-00C04F79EFBC}") = "BankingApplication", "BankingApplication.csproj", "{673F813C-FED3-4C9D-9CB7-E45B1210724D}"
EndProject
Global
	GlobalSection(SolutionConfigurationPlatforms) = preSolution
		Debug|Any CPU = Debug|Any CPU
		Release|Any CPU = Release|Any CPU
	EndGlobalSection
	GlobalSection(ProjectConfigurationPlatforms) = postSolution
		{673F813C-FED3-4C9D-9CB7-E45B1210724D}.Debug|Any CPU.ActiveCfg = Debug|Any CPU
		{673F813C-FED3-4C9D-9CB7-E45B1210724D}.Debug|Any CPU.Build.0 = Debug|Any CPU
		{673F813C-FED3-4C9D-9CB7-E45B1210724D}.Release|Any CPU.ActiveCfg = Release|Any CPU
		{673F813C-FED3-4C9D-9CB7-E45B1210724D}.Release|Any CPU.Build.0 = Release|Any CPU
	EndGlobalSection
	GlobalSection(SolutionProperties) = preSolution
		HideSolutionNode = FALSE
	EndGlobalSection
	GlobalSection(ExtensibilityGlobals) = postSolution
		SolutionGuid = {7F2D9488-1BBA-4F71-A96E-50A19AB4E643}
	EndGlobalSection
EndGlobal
